{
  "name": "mbr-zip",
  "version": "0.0.1",
  "lockfileVersion": 1,
  "requires": true,
  "dependencies": {
    "mbr-buffer": {
      "version": "0.0.1",
      "resolved": "https://registry.npmjs.org/mbr-buffer/-/mbr-buffer-0.0.1.tgz",
      "integrity": "sha512-XSXeEN4ZJ4bOWTCaTrbQbKhbKlxU3Of945B0rAJ/pNWvJ7YDWWoNXTVAIb6TAe47c03peh6sKqlU/DDY/JGuPw=="
    }
  }
}
